<Solution>
  <Project Path="../MessageLibrary/MessageLibrary.csproj" Id="ce03a3af-1e06-4d4e-8064-2ce9e8423a8b" />
  <Project Path="../Teledoc.ApiServices/Teledoc.ApiServices.csproj" />
  <Project Path="../Teledoc.Tests/Teledoc.Tests.csproj" Id="2f57854b-fdab-458b-b316-0058b08d4701" />
  <Project Path="TeledocTestApp.csproj" />
</Solution>
